{
  "name": "token_sale",
  "lockfileVersion": 1,
  "dependencies": {
    "ansi-regex": {
      "version": "https://registry.npmjs.org/ansi-regex/-/ansi-regex-2.1.1.tgz",
      "integrity": "sha1-w7M6te42DYbg5ijwRorn7yfWVN8="
    },
    "balanced-match": {
      "version": "https://registry.npmjs.org/balanced-match/-/balanced-match-1.0.0.tgz",
      "integrity": "sha1-ibTRmasr7kneFk6gK4nORi1xt2c="
    },
    "bignumber.js": {
      "version": "https://registry.npmjs.org/bignumber.js/-/bignumber.js-2.4.0.tgz",
      "integrity": "sha1-g4qZLan51zfg9LLbC+YrsJ3Qxeg="
    },
    "brace-expansion": {
      "version": "https://registry.npmjs.org/brace-expansion/-/brace-expansion-1.1.8.tgz",
      "integrity": "sha1-wHshHHyVLsH479Uad+8NHTmQopI="
    },
    "browser-stdout": {
      "version": "https://registry.npmjs.org/browser-stdout/-/browser-stdout-1.3.0.tgz",
      "integrity": "sha1-81HTKWnTL6XXpVZxVCY9korjvR8="
    },
    "builtin-modules": {
      "version": "https://registry.npmjs.org/builtin-modules/-/builtin-modules-1.1.1.tgz",
      "integrity": "sha1-Jw8HbFpywC9bZaR9+Uxf46J4iS8="
    },
    "camelcase": {
      "version": "https://registry.npmjs.org/camelcase/-/camelcase-3.0.0.tgz",
      "integrity": "sha1-MvxLn82vhF/N9+c7uXysImHwqwo="
    },
    "cliui": {
      "version": "https://registry.npmjs.org/cliui/-/cliui-3.2.0.tgz",
      "integrity": "sha1-EgYBU3qRbSmUD5NNo7SNWFo5IT0="
    },
    "code-point-at": {
      "version": "https://registry.npmjs.org/code-point-at/-/code-point-at-1.1.0.tgz",
      "integrity": "sha1-DQcLTQQ6W+ozovGkDi7bPZpMz3c="
    },
    "commander": {
      "version": "https://registry.npmjs.org/commander/-/commander-2.9.0.tgz",
      "integrity": "sha1-nJkJQXbhIkDLItbFFGCYQA/g99Q="
    },
    "concat-map": {
      "version": "https://registry.npmjs.org/concat-map/-/concat-map-0.0.1.tgz",
      "integrity": "sha1-2Klr13/Wjfd5OnMDajug1UBdR3s="
    },
    "crypto-js": {
      "version": "https://registry.npmjs.org/crypto-js/-/crypto-js-3.1.8.tgz",
      "integrity": "sha1-cV8HC/YBTyrpkqmLOSkli3E/CNU="
    },
    "decamelize": {
      "version": "https://registry.npmjs.org/decamelize/-/decamelize-1.2.0.tgz",
      "integrity": "sha1-9lNNFRSCabIDUue+4m9QH5oZEpA="
    },
    "diff": {
      "version": "https://registry.npmjs.org/diff/-/diff-3.2.0.tgz",
      "integrity": "sha1-yc45Okt8vQsFinJck98pkCeGj/k="
    },
    "error-ex": {
      "version": "https://registry.npmjs.org/error-ex/-/error-ex-1.3.1.tgz",
      "integrity": "sha1-+FWobOYa3E6GIcPNoh56dhLDqNw="
    },
    "escape-string-regexp": {
      "version": "https://registry.npmjs.org/escape-string-regexp/-/escape-string-regexp-1.0.5.tgz",
      "integrity": "sha1-G2HAViGQqN/2rjuyzwIAyhMLhtQ="
    },
    "ethereumjs-testrpc": {
      "version": "https://registry.npmjs.org/ethereumjs-testrpc/-/ethereumjs-testrpc-3.9.2.tgz",
      "integrity": "sha1-uw8tPDqjk1CHKtOOQMg+nXhzMck="
    },
    "find-up": {
      "version": "https://registry.npmjs.org/find-up/-/find-up-1.1.2.tgz",
      "integrity": "sha1-ay6YIrGizgpgq2TWEOzK1TyyTQ8="
    },
    "fs-extra": {
      "version": "https://registry.npmjs.org/fs-extra/-/fs-extra-0.30.0.tgz",
      "integrity": "sha1-8jP/zAjU2n1DLapEl3aYnbHfk/A="
    },
    "fs.realpath": {
      "version": "https://registry.npmjs.org/fs.realpath/-/fs.realpath-1.0.0.tgz",
      "integrity": "sha1-FQStJSMVjKpA20onh8sBQRmU6k8="
    },
    "get-caller-file": {
      "version": "https://registry.npmjs.org/get-caller-file/-/get-caller-file-1.0.2.tgz",
      "integrity": "sha1-9wLmMSfn4jHBYKgMFVSstw1QR+U="
    },
    "glob": {
      "version": "https://registry.npmjs.org/glob/-/glob-7.1.1.tgz",
      "integrity": "sha1-gFIR3wT6rxxjo2ADBs31reULLsg="
    },
    "graceful-fs": {
      "version": "https://registry.npmjs.org/graceful-fs/-/graceful-fs-4.1.11.tgz",
      "integrity": "sha1-Dovf5NHduIVNZOBOp8AOKgJuVlg="
    },
    "graceful-readlink": {
      "version": "https://registry.npmjs.org/graceful-readlink/-/graceful-readlink-1.0.1.tgz",
      "integrity": "sha1-TK+tdrxi8C+gObL5Tpo906ORpyU="
    },
    "growl": {
      "version": "https://registry.npmjs.org/growl/-/growl-1.9.2.tgz",
      "integrity": "sha1-Dqd0NxXbjY3ixe3hd14bRayFwC8="
    },
    "has-flag": {
      "version": "https://registry.npmjs.org/has-flag/-/has-flag-1.0.0.tgz",
      "integrity": "sha1-nZ55MWXOAXoA8AQYxD+UKnsdEfo="
    },
    "hosted-git-info": {
      "version": "https://registry.npmjs.org/hosted-git-info/-/hosted-git-info-2.5.0.tgz",
      "integrity": "sha1-bWDjSzq7yDEwYsO3mO+NkBoHrzw="
    },
    "inflight": {
      "version": "https://registry.npmjs.org/inflight/-/inflight-1.0.6.tgz",
      "integrity": "sha1-Sb1jMdfQLQwJvJEKEHW6gWW1bfk="
    },
    "inherits": {
      "version": "https://registry.npmjs.org/inherits/-/inherits-2.0.3.tgz",
      "integrity": "sha1-Yzwsg+PaQqUC9SRmAiSA9CCCYd4="
    },
    "invert-kv": {
      "version": "https://registry.npmjs.org/invert-kv/-/invert-kv-1.0.0.tgz",
      "integrity": "sha1-EEqOSqym09jNFXqO+L+rLXo//bY="
    },
    "is-arrayish": {
      "version": "https://registry.npmjs.org/is-arrayish/-/is-arrayish-0.2.1.tgz",
      "integrity": "sha1-d8mYQFJ6qOyxqLppe4BkWnqSap0="
    },
    "is-builtin-module": {
      "version": "https://registry.npmjs.org/is-builtin-module/-/is-builtin-module-1.0.0.tgz",
      "integrity": "sha1-VAVy0096wxGfj3bDDLwbHgN6/74="
    },
    "is-fullwidth-code-point": {
      "version": "https://registry.npmjs.org/is-fullwidth-code-point/-/is-fullwidth-code-point-1.0.0.tgz",
      "integrity": "sha1-754xOG8DGn8NZDr4L95QxFfvAMs="
    },
    "is-utf8": {
      "version": "https://registry.npmjs.org/is-utf8/-/is-utf8-0.2.1.tgz",
      "integrity": "sha1-Sw2hRCEE0bM2NA6AeX6GXPOffXI="
    },
    "json3": {
      "version": "https://registry.npmjs.org/json3/-/json3-3.3.2.tgz",
      "integrity": "sha1-PAQ0dD35Pi9cQq7nsZvLSDV19OE="
    },
    "jsonfile": {
      "version": "https://registry.npmjs.org/jsonfile/-/jsonfile-2.4.0.tgz",
      "integrity": "sha1-NzaitCi4e72gzIO1P6PWM6NcKug="
    },
    "klaw": {
      "version": "https://registry.npmjs.org/klaw/-/klaw-1.3.1.tgz",
      "integrity": "sha1-QIhDO0azsbolnXh4XY6W9zugJDk="
    },
    "lcid": {
      "version": "https://registry.npmjs.org/lcid/-/lcid-1.0.0.tgz",
      "integrity": "sha1-MIrMr6C8SDo4Z7S28rlQYlHRuDU="
    },
    "load-json-file": {
      "version": "https://registry.npmjs.org/load-json-file/-/load-json-file-1.1.0.tgz",
      "integrity": "sha1-lWkFcI1YtLq0wiYbBPWfMcmTdMA="
    },
    "locate-path": {
      "version": "https://registry.npmjs.org/locate-path/-/locate-path-2.0.0.tgz",
      "integrity": "sha1-K1aLJl7slExtnA3pw9u7ygNUzY4=",
      "dependencies": {
        "path-exists": {
          "version": "https://registry.npmjs.org/path-exists/-/path-exists-3.0.0.tgz",
          "integrity": "sha1-zg6+ql94yxiSXqfYENe1mwEP1RU="
        }
      }
    },
    "lodash": {
      "version": "https://registry.npmjs.org/lodash/-/lodash-4.17.4.tgz",
      "integrity": "sha1-eCA6TRwyiuHYbcpkYONptX9AVa4="
    },
    "lodash._baseassign": {
      "version": "https://registry.npmjs.org/lodash._baseassign/-/lodash._baseassign-3.2.0.tgz",
      "integrity": "sha1-jDigmVAPIVrQnlnxci/QxSv+Ck4="
    },
    "lodash._basecopy": {
      "version": "https://registry.npmjs.org/lodash._basecopy/-/lodash._basecopy-3.0.1.tgz",
      "integrity": "sha1-jaDmqHbPNEwK2KVIghEd08XHyjY="
    },
    "lodash._basecreate": {
      "version": "https://registry.npmjs.org/lodash._basecreate/-/lodash._basecreate-3.0.3.tgz",
      "integrity": "sha1-G8ZhYU2qf8MRt9A78WgGoCE8+CE="
    },
    "lodash._getnative": {
      "version": "https://registry.npmjs.org/lodash._getnative/-/lodash._getnative-3.9.1.tgz",
      "integrity": "sha1-VwvH3t5G1hzc3mh9ZdPuy6o6r/U="
    },
    "lodash._isiterateecall": {
      "version": "https://registry.npmjs.org/lodash._isiterateecall/-/lodash._isiterateecall-3.0.9.tgz",
      "integrity": "sha1-UgOte6Ql+uhCRg5pbbnPPmqsBXw="
    },
    "lodash.assign": {
      "version": "https://registry.npmjs.org/lodash.assign/-/lodash.assign-4.2.0.tgz",
      "integrity": "sha1-DZnzzNem0mHRm9rrkkUAXShYCOc="
    },
    "lodash.create": {
      "version": "https://registry.npmjs.org/lodash.create/-/lodash.create-3.1.1.tgz",
      "integrity": "sha1-1/KEnw29p+BGgruM1yqwIkYd6+c="
    },
    "lodash.isarguments": {
      "version": "https://registry.npmjs.org/lodash.isarguments/-/lodash.isarguments-3.1.0.tgz",
      "integrity": "sha1-L1c9hcaiQon/AGY7SRwdM4/zRYo="
    },
    "lodash.isarray": {
      "version": "https://registry.npmjs.org/lodash.isarray/-/lodash.isarray-3.0.4.tgz",
      "integrity": "sha1-eeTriMNqgSKvhvhEqpvNhRtfu1U="
    },
    "lodash.keys": {
      "version": "https://registry.npmjs.org/lodash.keys/-/lodash.keys-3.1.2.tgz",
      "integrity": "sha1-TbwEcrFWvlCgsoaFXRvQsMZWCYo="
    },
    "memorystream": {
      "version": "https://registry.npmjs.org/memorystream/-/memorystream-0.3.1.tgz",
      "integrity": "sha1-htcJCzDORV1j+64S3aUaR93K+bI="
    },
    "minimatch": {
      "version": "https://registry.npmjs.org/minimatch/-/minimatch-3.0.4.tgz",
      "integrity": "sha1-UWbihkV/AzBgZL5Ul+jbsMPTIIM="
    },
    "minimist": {
      "version": "https://registry.npmjs.org/minimist/-/minimist-0.0.8.tgz",
      "integrity": "sha1-hX/Kv8M5fSYluCKCYuhqp6ARsF0="
    },
    "mkdirp": {
      "version": "https://registry.npmjs.org/mkdirp/-/mkdirp-0.5.1.tgz",
      "integrity": "sha1-MAV0OOrGz3+MR2fzhkjWaX11yQM="
    },
    "mocha": {
      "version": "https://registry.npmjs.org/mocha/-/mocha-3.4.2.tgz",
      "integrity": "sha1-0O9NMyEm2/GNDWQMmzgt1IvpdZQ=",
      "dependencies": {
        "debug": {
          "version": "https://registry.npmjs.org/debug/-/debug-2.6.0.tgz",
          "integrity": "sha1-vFlryr52F/Edn6FTYe3tVgi4SZs="
        },
        "ms": {
          "version": "https://registry.npmjs.org/ms/-/ms-0.7.2.tgz",
          "integrity": "sha1-riXPJRKziFodldfwN4aNhDESR2U="
        },
        "supports-color": {
          "version": "https://registry.npmjs.org/supports-color/-/supports-color-3.1.2.tgz",
          "integrity": "sha1-cqJiiU2dQIuVbKBf83su2KbiotU="
        }
      }
    },
    "moment": {
      "version": "https://registry.npmjs.org/moment/-/moment-2.18.1.tgz",
      "integrity": "sha1-w2GT3Tzhwu7SrbfIAtu8d6gbHA8="
    },
    "normalize-package-data": {
      "version": "https://registry.npmjs.org/normalize-package-data/-/normalize-package-data-2.4.0.tgz",
      "integrity": "sha1-EvlaMH1YNSB1oEkHuErIvpisAS8="
    },
    "number-is-nan": {
      "version": "https://registry.npmjs.org/number-is-nan/-/number-is-nan-1.0.1.tgz",
      "integrity": "sha1-CXtgK1NCKlIsGvuHkDGDNpQaAR0="
    },
    "once": {
      "version": "https://registry.npmjs.org/once/-/once-1.4.0.tgz",
      "integrity": "sha1-WDsap3WWHUsROsF9nFC6753Xa9E="
    },
    "original-require": {
      "version": "https://registry.npmjs.org/original-require/-/original-require-1.0.1.tgz",
      "integrity": "sha1-DxMEcVhM0zURxew4yNWSE/msXiA="
    },
    "os-locale": {
      "version": "https://registry.npmjs.org/os-locale/-/os-locale-1.4.0.tgz",
      "integrity": "sha1-IPnxeuKe00XoveWDsT0gCYA8FNk="
    },
    "p-limit": {
      "version": "https://registry.npmjs.org/p-limit/-/p-limit-1.1.0.tgz",
      "integrity": "sha1-sH/y2aXYi+yAYDWJWiurZqJ5iLw="
    },
    "p-locate": {
      "version": "https://registry.npmjs.org/p-locate/-/p-locate-2.0.0.tgz",
      "integrity": "sha1-IKAQOyIqcMj9OcwuWAaA893l7EM="
    },
    "parse-json": {
      "version": "https://registry.npmjs.org/parse-json/-/parse-json-2.2.0.tgz",
      "integrity": "sha1-9ID0BDTvgHQfhGkJn43qGPVaTck="
    },
    "path-exists": {
      "version": "https://registry.npmjs.org/path-exists/-/path-exists-2.1.0.tgz",
      "integrity": "sha1-D+tsZPD8UY2adU3V77YscCJ2H0s="
    },
    "path-is-absolute": {
      "version": "https://registry.npmjs.org/path-is-absolute/-/path-is-absolute-1.0.1.tgz",
      "integrity": "sha1-F0uSaHNVNP+8es5r9TpanhtcX18="
    },
    "path-type": {
      "version": "https://registry.npmjs.org/path-type/-/path-type-1.1.0.tgz",
      "integrity": "sha1-WcRPfuSR2nBNpBXaWkBwuk+P5EE="
    },
    "pify": {
      "version": "https://registry.npmjs.org/pify/-/pify-2.3.0.tgz",
      "integrity": "sha1-7RQaasBDqEnqWISY59yosVMw6Qw="
    },
    "pinkie": {
      "version": "https://registry.npmjs.org/pinkie/-/pinkie-2.0.4.tgz",
      "integrity": "sha1-clVrgM+g1IqXToDnckjoDtT3+HA="
    },
    "pinkie-promise": {
      "version": "https://registry.npmjs.org/pinkie-promise/-/pinkie-promise-2.0.1.tgz",
      "integrity": "sha1-ITXW36ejWMBprJsXh3YogihFD/o="
    },
    "read-pkg": {
      "version": "https://registry.npmjs.org/read-pkg/-/read-pkg-1.1.0.tgz",
      "integrity": "sha1-9f+qXs0pyzHAR0vKfXVra7KePyg="
    },
    "read-pkg-up": {
      "version": "https://registry.npmjs.org/read-pkg-up/-/read-pkg-up-1.0.1.tgz",
      "integrity": "sha1-nWPBMnbAZZGNV/ACpX9AobZD+wI="
    },
    "require-directory": {
      "version": "https://registry.npmjs.org/require-directory/-/require-directory-2.1.1.tgz",
      "integrity": "sha1-jGStX9MNqxyXbiNE/+f3kqam30I="
    },
    "require-from-string": {
      "version": "https://registry.npmjs.org/require-from-string/-/require-from-string-1.2.1.tgz",
      "integrity": "sha1-UpyczvJzgK3+yaL5ZbZJu+5jZBg="
    },
    "require-main-filename": {
      "version": "https://registry.npmjs.org/require-main-filename/-/require-main-filename-1.0.1.tgz",
      "integrity": "sha1-l/cXtp1IeE9fUmpsWqj/3aBVpNE="
    },
    "rimraf": {
      "version": "https://registry.npmjs.org/rimraf/-/rimraf-2.6.1.tgz",
      "integrity": "sha1-wjOOxkPfeht/5cVPqG9XQopV8z0="
    },
    "semver": {
      "version": "https://registry.npmjs.org/semver/-/semver-5.3.0.tgz",
      "integrity": "sha1-myzl094C0XxgEq0yaqa00M9U+U8="
    },
    "set-blocking": {
      "version": "https://registry.npmjs.org/set-blocking/-/set-blocking-2.0.0.tgz",
      "integrity": "sha1-BF+XgtARrppoA93TgrJDkrPYkPc="
    },
    "solc": {
      "version": "https://registry.npmjs.org/solc/-/solc-0.4.11.tgz",
      "integrity": "sha1-JSLrQ+fAQZusIGC5biCiWTv7Xos="
    },
    "spdx-correct": {
      "version": "https://registry.npmjs.org/spdx-correct/-/spdx-correct-1.0.2.tgz",
      "integrity": "sha1-SzBz2TP/UfORLwOsVRlJikFQ20A="
    },
    "spdx-expression-parse": {
      "version": "https://registry.npmjs.org/spdx-expression-parse/-/spdx-expression-parse-1.0.4.tgz",
      "integrity": "sha1-m98vIOH0DtRH++JzJmGR/O1RYmw="
    },
    "spdx-license-ids": {
      "version": "https://registry.npmjs.org/spdx-license-ids/-/spdx-license-ids-1.2.2.tgz",
      "integrity": "sha1-yd96NCRZSt5r0RkA1ZZpbcBrrFc="
    },
    "string-width": {
      "version": "https://registry.npmjs.org/string-width/-/string-width-1.0.2.tgz",
      "integrity": "sha1-EYvfW4zcUaKn5w0hHgfisLmxB9M="
    },
    "strip-ansi": {
      "version": "https://registry.npmjs.org/strip-ansi/-/strip-ansi-3.0.1.tgz",
      "integrity": "sha1-ajhfuIU9lS1f8F0Oiq+UJ43GPc8="
    },
    "strip-bom": {
      "version": "https://registry.npmjs.org/strip-bom/-/strip-bom-2.0.0.tgz",
      "integrity": "sha1-YhmoVhZSBJHzV4i9vxRHqZx+aw4="
    },
    "truffle": {
      "version": "https://registry.npmjs.org/truffle/-/truffle-3.3.2.tgz",
      "integrity": "sha1-F/jPEY18p6I/Qc9CzZ4c7MZTx2g="
    },
    "truffle-config": {
      "version": "https://registry.npmjs.org/truffle-config/-/truffle-config-1.0.0.tgz",
      "integrity": "sha1-mH7U4RmYdiguodjTixAu4FW4y4g=",
      "dependencies": {
        "find-up": {
          "version": "https://registry.npmjs.org/find-up/-/find-up-2.1.0.tgz",
          "integrity": "sha1-RdG35QbHF93UgndaK3eSCjwMV6c="
        }
      }
    },
    "truffle-error": {
      "version": "https://registry.npmjs.org/truffle-error/-/truffle-error-0.0.2.tgz",
      "integrity": "sha1-AbGJt4UFVmrhaJwjnHyi3RIc/kw="
    },
    "truffle-provider": {
      "version": "https://registry.npmjs.org/truffle-provider/-/truffle-provider-0.0.1.tgz",
      "integrity": "sha1-nQ3bARMd4ePFnE+KBTK9J3CBHx8=",
      "dependencies": {
        "bignumber.js": {
          "version": "git+https://github.com/debris/bignumber.js.git#94d7146671b9719e00a09c29b01a691bc85048c2",
          "integrity": "sha1-JZUnDPSxGCKEuvTyDPv6w9L2c+I="
        },
        "web3": {
          "version": "https://registry.npmjs.org/web3/-/web3-0.18.4.tgz",
          "integrity": "sha1-gewXhBRUkfLqqJVbMcBgSeB8Xn0="
        }
      }
    },
    "utf8": {
      "version": "https://registry.npmjs.org/utf8/-/utf8-2.1.2.tgz",
      "integrity": "sha1-H6DZJw6b6FDZsFAn9jUZv0ZFfZY="
    },
    "validate-npm-package-license": {
      "version": "https://registry.npmjs.org/validate-npm-package-license/-/validate-npm-package-license-3.0.1.tgz",
      "integrity": "sha1-KAS6vnEq0zeUWaz74kdGqywwP7w="
    },
    "web3": {
      "version": "https://registry.npmjs.org/web3/-/web3-0.19.1.tgz",
      "integrity": "sha1-52PVsRB8S8JKvU+MvuG6Nlnm6zE=",
      "dependencies": {
        "bignumber.js": {
          "version": "https://registry.npmjs.org/bignumber.js/-/bignumber.js-4.0.2.tgz",
          "integrity": "sha1-LR3DfuWWiGfs6pC22k0W5oYI0h0="
        }
      }
    },
    "which-module": {
      "version": "https://registry.npmjs.org/which-module/-/which-module-1.0.0.tgz",
      "integrity": "sha1-u6Y8qGGUiZT/MHc2CJ47lgJsKk8="
    },
    "window-size": {
      "version": "https://registry.npmjs.org/window-size/-/window-size-0.2.0.tgz",
      "integrity": "sha1-tDFbtCFKPXBY6+7okuE/ok2YsHU="
    },
    "wrap-ansi": {
      "version": "https://registry.npmjs.org/wrap-ansi/-/wrap-ansi-2.1.0.tgz",
      "integrity": "sha1-2Pw9KE3QV5T+hJc8rs3Rz4JP3YU="
    },
    "wrappy": {
      "version": "https://registry.npmjs.org/wrappy/-/wrappy-1.0.2.tgz",
      "integrity": "sha1-tSQ9jz7BqjXxNkYFvA0QNuMKtp8="
    },
    "xhr2": {
      "version": "https://registry.npmjs.org/xhr2/-/xhr2-0.1.4.tgz",
      "integrity": "sha1-f4dliEdxbbUCYyOBL4GMras4el8="
    },
    "xmlhttprequest": {
      "version": "https://registry.npmjs.org/xmlhttprequest/-/xmlhttprequest-1.8.0.tgz",
      "integrity": "sha1-Z/4HXFwk/vOfnWX197f+dRcZaPw="
    },
    "y18n": {
      "version": "https://registry.npmjs.org/y18n/-/y18n-3.2.1.tgz",
      "integrity": "sha1-bRX7qITAhnnA136I53WegR4H+kE="
    },
    "yargs": {
      "version": "https://registry.npmjs.org/yargs/-/yargs-4.8.1.tgz",
      "integrity": "sha1-wMQpJMpKqmsObaFznfshZDn53cA="
    },
    "yargs-parser": {
      "version": "https://registry.npmjs.org/yargs-parser/-/yargs-parser-2.4.1.tgz",
      "integrity": "sha1-hVaN488VD/SfpRgl8DqMiA3cxcQ="
    }
  }
}
